// !$*UTF8*$!
{
	archiveVersion = 1;
	classes = {
	};
	objectVersion = 48;
	objects = {

/* Begin PBXBuildFile section */
		7BE8FA2F1F2F7993009FBB1B /* AppDelegate.swift in Sources */ = {isa = PBXBuildFile; fileRef = 7BE8FA2E1F2F7993009FBB1B /* AppDelegate.swift */; };
		7BE8FA311F2F7993009FBB1B /* ViewController.swift in Sources */ = {isa = PBXBuildFile; fileRef = 7BE8FA301F2F7993009FBB1B /* ViewController.swift */; };
		7BE8FA341F2F7993009FBB1B /* Main.storyboard in Resources */ = {isa = PBXBuildFile; fileRef = 7BE8FA321F2F7993009FBB1B /* Main.storyboard */; };
		7BE8FA361F2F7993009FBB1B /* Assets.xcassets in Resources */ = {isa = PBXBuildFile; fileRef = 7BE8FA351F2F7993009FBB1B /* Assets.xcassets */; };
		7BE8FA391F2F7993009FBB1B /* LaunchScreen.storyboard in Resources */ = {isa = PBXBuildFile; fileRef = 7BE8FA371F2F7993009FBB1B /* LaunchScreen.storyboard */; };
/* End PBXBuildFile section */

/* Begin PBXFileReference section */
		7BE8FA2B1F2F7993009FBB1B /* Hustle-Mode.app */ = {isa = PBXFileReference; explicitFileType = wrapper.application; includeInIndex = 0; path = "Hustle-Mode.app"; sourceTree = BUILT_PRODUCTS_DIR; };
		7BE8FA2E1F2F7993009FBB1B /* AppDelegate.swift */ = {isa = PBXFileReference; lastKnownFileType = sourcecode.swift; path = AppDelegate.swift; sourceTree = "<group>"; };
		7BE8FA301F2F7993009FBB1B /* ViewController.swift */ = {isa = PBXFileReference; lastKnownFileType = sourcecode.swift; path = ViewController.swift; sourceTree = "<group>"; };
		7BE8FA331F2F7993009FBB1B /* Base */ = {isa = PBXFileReference; lastKnownFileType = file.storyboard; name = Base; path = Base.lproj/Main.storyboard; sourceTree = "<group>"; };
		7BE8FA351F2F7993009FBB1B /* Assets.xcassets */ = {isa = PBXFileReference; lastKnownFileType = folder.assetcatalog; path = Assets.xcassets; sourceTree = "<group>"; };
		7BE8FA381F2F7993009FBB1B /* Base */ = {isa = PBXFileReference; lastKnownFileType = file.storyboard; name = Base; path = Base.lproj/LaunchScreen.storyboard; sourceTree = "<group>"; };
		7BE8FA3A1F2F7993009FBB1B /* Info.plist */ = {isa = PBXFileReference; lastKnownFileType = text.plist.xml; path = Info.plist; sourceTree = "<group>"; };
/* End PBXFileReference section */

/* Begin PBXFrameworksBuildPhase section */
		7BE8FA281F2F7993009FBB1B /* Frameworks */ = {
			isa = PBXFrameworksBuildPhase;
			buildActionMask = 2147483647;
			files = (
			);
			runOnlyForDeploymentPostprocessing = 0;
		};
/* End PBXFrameworksBuildPhase section */

/* Begin PBXGroup section */
		7BE8FA221F2F7993009FBB1B = {
			isa = PBXGroup;
			children = (
				7BE8FA2D1F2F7993009FBB1B /* Hustle-Mode */,
				7BE8FA2C1F2F7993009FBB1B /* Products */,
			);
			sourceTree = "<group>";
		};
		7BE8FA2C1F2F7993009FBB1B /* Products */ = {
			isa = PBXGroup;
			children = (
				7BE8FA2B1F2F7993009FBB1B /* Hustle-Mode.app */,
			);
			name = Products;
			sourceTree = "<group>";
		};
		7BE8FA2D1F2F7993009FBB1B /* Hustle-Mode */ = {
			isa = PBXGroup;
			children = (
				7BE8FA2E1F2F7993009FBB1B /* AppDelegate.swift */,
				7BE8FA301F2F7993009FBB1B /* ViewController.swift */,
				7BE8FA321F2F7993009FBB1B /* Main.storyboard */,
				7BE8FA351F2F7993009FBB1B /* Assets.xcassets */,
				7BE8FA371F2F7993009FBB1B /* LaunchScreen.storyboard */,
				7BE8FA3A1F2F7993009FBB1B /* Info.plist */,
			);
			path = "Hustle-Mode";
			sourceTree = "<group>";
		};
/* End PBXGroup section */

/* Begin PBXNativeTarget section */
		7BE8FA2A1F2F7993009FBB1B /* Hustle-Mode */ = {
			isa = PBXNativeTarget;
			buildConfigurationList = 7BE8FA3D1F2F7993009FBB1B /* Build configuration list for PBXNativeTarget "Hustle-Mode" */;
			buildPhases = (
				7BE8FA271F2F7993009FBB1B /* Sources */,
				7BE8FA281F2F7993009FBB1B /* Frameworks */,
				7BE8FA291F2F7993009FBB1B /* Resources */,
			);
			buildRules = (
			);
			dependencies = (
			);
			name = "Hustle-Mode";
			productName = "Hustle-Mode";
			productReference = 7BE8FA2B1F2F7993009FBB1B /* Hustle-Mode.app */;
			productType = "com.apple.product-type.application";
		};
/* End PBXNativeTarget section */

/* Begin PBXProject section */
		7BE8FA231F2F7993009FBB1B /* Project object */ = {
			isa = PBXProject;
			attributes = {
				LastSwiftUpdateCheck = 0900;
				LastUpgradeCheck = 0900;
				ORGANIZATIONNAME = "Dan Lindsay";
				TargetAttributes = {
					7BE8FA2A1F2F7993009FBB1B = {
						CreatedOnToolsVersion = 9.0;
					};
				};
			};
			buildConfigurationList = 7BE8FA261F2F7993009FBB1B /* Build configuration list for PBXProject "Hustle-Mode" */;
			compatibilityVersion = "Xcode 8.0";
			developmentRegion = en;
			hasScannedForEncodings = 0;
			knownRegions = (
				en,
				Base,
			);
			mainGroup = 7BE8FA221F2F7993009FBB1B;
			productRefGroup = 7BE8FA2C1F2F7993009FBB1B /* Products */;
			projectDirPath = "";
			projectRoot = "";
			targets = (
				7BE8FA2A1F2F7993009FBB1B /* Hustle-Mode */,
			);
		};
/* End PBXProject section */

/* Begin PBXResourcesBuildPhase section */
		7BE8FA291F2F7993009FBB1B /* Resources */ = {
			isa = PBXResourcesBuildPhase;
			buildActionMask = 2147483647;
			files = (
				7BE8FA391F2F7993009FBB1B /* LaunchScreen.storyboard in Resources */,
				7BE8FA361F2F7993009FBB1B /* Assets.xcassets in Resources */,
				7BE8FA341F2F7993009FBB1B /* Main.storyboard in Resources */,
			);
			runOnlyForDeploymentPostprocessing = 0;
		};
/* End PBXResourcesBuildPhase section */

/* Begin PBXSourcesBuildPhase section */
		7BE8FA271F2F7993009FBB1B /* Sources */ = {
			isa = PBXSourcesBuildPhase;
			buildActionMask = 2147483647;
			files = (
				7BE8FA311F2F7993009FBB1B /* ViewController.swift in Sources */,
				7BE8FA2F1F2F7993009FBB1B /* AppDelegate.swift in Sources */,
			);
			runOnlyForDeploymentPostprocessing = 0;
		};
/* End PBXSourcesBuildPhase section */

/* Begin PBXVariantGroup section */
		7BE8FA321F2F7993009FBB1B /* Main.storyboard */ = {
			isa = PBXVariantGroup;
			children = (
				7BE8FA331F2F7993009FBB1B /* Base */,
			);
			name = Main.storyboard;
			sourceTree = "<group>";
		};
		7BE8FA371F2F7993009FBB1B /* LaunchScreen.storyboard */ = {
			isa = PBXVariantGroup;
			children = (
				7BE8FA381F2F7993009FBB1B /* Base */,
			);
			name = LaunchScreen.storyboard;
			sourceTree = "<group>";
		};
/* End PBXVariantGroup section */

/* Begin XCBuildConfiguration section */
		7BE8FA3B1F2F7993009FBB1B /* Debug */ = {
			isa = XCBuildConfiguration;
			buildSettings = {
				ALWAYS_SEARCH_USER_PATHS = NO;
				CLANG_ANALYZER_NONNULL = YES;
				CLANG_ANALYZER_NUMBER_OBJECT_CONVERSION = YES_AGGRESSIVE;
				CLANG_CXX_LANGUAGE_STANDARD = "gnu++14";
				CLANG_CXX_LIBRARY = "libc++";
				CLANG_ENABLE_MODULES = YES;
				CLANG_ENABLE_OBJC_ARC = YES;
				CLANG_WARN_BLOCK_CAPTURE_AUTORELEASING = YES;
				CLANG_WARN_BOOL_CONVERSION = YES;
				CLANG_WARN_COMMA = YES;
				CLANG_WARN_CONSTANT_CONVERSION = YES;
				CLANG_WARN_DIRECT_OBJC_ISA_USAGE = YES_ERROR;
				CLANG_WARN_DOCUMENTATION_COMMENTS = YES;
				CLANG_WARN_EMPTY_BODY = YES;
				CLANG_WARN_ENUM_CONVERSION = YES;
				CLANG_WARN_INFINITE_RECURSION = YES;
				CLANG_WARN_INT_CONVERSION = YES;
				CLANG_WARN_NON_LITERAL_NULL_CONVERSION = YES;
				CLANG_WARN_OBJC_LITERAL_CONVERSION = YES;
				CLANG_WARN_OBJC_ROOT_CLASS = YES_ERROR;
				CLANG_WARN_RANGE_LOOP_ANALYSIS = YES;
				CLANG_WARN_STRICT_PROTOTYPES = YES;
				CLANG_WARN_SUSPICIOUS_MOVE = YES;
				CLANG_WARN_UNGUARDED_AVAILABILITY = YES_AGGRESSIVE;
				CLANG_WARN_UNREACHABLE_CODE = YES;
				CLANG_WARN__DUPLICATE_METHOD_MATCH = YES;
				CODE_SIGN_IDENTITY = "iPhone Developer";
				COPY_PHASE_STRIP = NO;
				DEBUG_INFORMATION_FORMAT = dwarf;
				ENABLE_STRICT_OBJC_MSGSEND = YES;
				ENABLE_TESTABILITY = YES;
				GCC_C_LANGUAGE_STANDARD = gnu11;
				GCC_DYNAMIC_NO_PIC = NO;
				GCC_NO_COMMON_BLOCKS = YES;
				GCC_OPTIMIZATION_LEVEL = 0;
				GCC_PREPROCESSOR_DEFINITIONS = (
					"DEBUG=1",
					"$(inherited)",
				);
				GCC_WARN_64_TO_32_BIT_CONVERSION = YES;
				GCC_WARN_ABOUT_RETURN_TYPE = YES_ERROR;
				GCC_WARN_UNDECLARED_SELECTOR = YES;
				GCC_WARN_UNINITIALIZED_AUTOS = YES_AGGRESSIVE;
				GCC_WARN_UNUSED_FUNCTION = YES;
				GCC_WARN_UNUSED_VARIABLE = YES;
				IPHONEOS_DEPLOYMENT_TARGET = 11.0;
				MTL_ENABLE_DEBUG_INFO = YES;
				ONLY_ACTIVE_ARCH = YES;
				SDKROOT = iphoneos;
				SWIFT_ACTIVE_COMPILATION_CONDITIONS = DEBUG;
				SWIFT_OPTIMIZATION_LEVEL = "-Onone";
			};
			name = Debug;
		};
		7BE8FA3C1F2F7993009FBB1B /* Release */ = {
			isa = XCBuildConfiguration;
			buildSettings = {
				ALWAYS_SEARCH_USER_PATHS = NO;
				CLANG_ANALYZER_NONNULL = YES;
				CLANG_ANALYZER_NUMBER_OBJECT_CONVERSION = YES_AGGRESSIVE;
				CLANG_CXX_LANGUAGE_STANDARD = "gnu++14";
				CLANG_CXX_LIBRARY = "libc++";
				CLANG_ENABLE_MODULES = YES;
				CLANG_ENABLE_OBJC_ARC = YES;
				CLANG_WARN_BLOCK_CAPTURE_AUTORELEASING = YES;
				CLANG_WARN_BOOL_CONVERSION = YES;
				CLANG_WARN_COMMA = YES;
				CLANG_WARN_CONSTANT_CONVERSION = YES;
				CLANG_WARN_DIRECT_OBJC_ISA_USAGE = YES_ERROR;
				CLANG_WARN_DOCUMENTATION_COMMENTS = YES;
				CLANG_WARN_EMPTY_BODY = YES;
				CLANG_WARN_ENUM_CONVERSION = YES;
				CLANG_WARN_INFINITE_RECURSION = YES;
				CLANG_WARN_INT_CONVERSION = YES;
				CLANG_WARN_NON_LITERAL_NULL_CONVERSION = YES;
				CLANG_WARN_OBJC_LITERAL_CONVERSION = YES;
				CLANG_WARN_OBJC_ROOT_CLASS = YES_ERROR;
				CLANG_WARN_RANGE_LOOP_ANALYSIS = YES;
				CLANG_WARN_STRICT_PROTOTYPES = YES;
				CLANG_WARN_SUSPICIOUS_MOVE = YES;
				CLANG_WARN_UNGUARDED_AVAILABILITY = YES_AGGRESSIVE;
				CLANG_WARN_UNREACHABLE_CODE = YES;
				CLANG_WARN__DUPLICATE_METHOD_MATCH = YES;
				CODE_SIGN_IDENTITY = "iPhone Developer";
				COPY_PHASE_STRIP = NO;
				DEBUG_INFORMATION_FORMAT = "dwarf-with-dsym";
				ENABLE_NS_ASSERTIONS = NO;
				ENABLE_STRICT_OBJC_MSGSEND = YES;
				GCC_C_LANGUAGE_STANDARD = gnu11;
				GCC_NO_COMMON_BLOCKS = YES;
				GCC_WARN_64_TO_32_BIT_CONVERSION = YES;
				GCC_WARN_ABOUT_RETURN_TYPE = YES_ERROR;
				GCC_WARN_UNDECLARED_SELECTOR = YES;
				GCC_WARN_UNINITIALIZED_AUTOS = YES_AGGRESSIVE;
				GCC_WARN_UNUSED_FUNCTION = YES;
				GCC_WARN_UNUSED_VARIABLE = YES;
				IPHONEOS_DEPLOYMENT_TARGET = 11.0;
				MTL_ENABLE_DEBUG_INFO = NO;
				SDKROOT = iphoneos;
				SWIFT_OPTIMIZATION_LEVEL = "-Owholemodule";
				VALIDATE_PRODUCT = YES;
			};
			name = Release;
		};
		7BE8FA3E1F2F7993009FBB1B /* Debug */ = {
			isa = XCBuildConfiguration;
			buildSettings = {
				ASSETCATALOG_COMPILER_APPICON_NAME = AppIcon;
				DEVELOPMENT_TEAM = 999T2QHS45;
				INFOPLIST_FILE = "Hustle-Mode/Info.plist";
				LD_RUNPATH_SEARCH_PATHS = "$(inherited) @executable_path/Frameworks";
				PRODUCT_BUNDLE_IDENTIFIER = "com.dreamerongo.Hustle-Mode";
				PRODUCT_NAME = "$(TARGET_NAME)";
				SWIFT_VERSION = 4.0;
				TARGETED_DEVICE_FAMILY = "1,2";
			};
			name = Debug;
		};
		7BE8FA3F1F2F7993009FBB1B /* Release */ = {
			isa = XCBuildConfiguration;
			buildSettings = {
				ASSETCATALOG_COMPILER_APPICON_NAME = AppIcon;
				DEVELOPMENT_TEAM = 999T2QHS45;
				INFOPLIST_FILE = "Hustle-Mode/Info.plist";
				LD_RUNPATH_SEARCH_PATHS = "$(inherited) @executable_path/Frameworks";
				PRODUCT_BUNDLE_IDENTIFIER = "com.dreamerongo.Hustle-Mode";
				PRODUCT_NAME = "$(TARGET_NAME)";
				SWIFT_VERSION = 4.0;
				TARGETED_DEVICE_FAMILY = "1,2";
			};
			name = Release;
		};
/* End XCBuildConfiguration section */

/* Begin XCConfigurationList section */
		7BE8FA261F2F7993009FBB1B /* Build configuration list for PBXProject "Hustle-Mode" */ = {
			isa = XCConfigurationList;
			buildConfigurations = (
				7BE8FA3B1F2F7993009FBB1B /* Debug */,
				7BE8FA3C1F2F7993009FBB1B /* Release */,
			);
			defaultConfigurationIsVisible = 0;
			defaultConfigurationName = Release;
		};
		7BE8FA3D1F2F7993009FBB1B /* Build configuration list for PBXNativeTarget "Hustle-Mode" */ = {
			isa = XCConfigurationList;
			buildConfigurations = (
				7BE8FA3E1F2F7993009FBB1B /* Debug */,
				7BE8FA3F1F2F7993009FBB1B /* Release */,
			);
			defaultConfigurationIsVisible = 0;
			defaultConfigurationName = Release;
		};
/* End XCConfigurationList section */
	};
	rootObject = 7BE8FA231F2F7993009FBB1B /* Project object */;
}
